// !$*UTF8*$!
{
	archiveVersion = 1;
	classes = {
	};
	objectVersion = 55;
	objects = {

/* Begin PBXBuildFile section */
		422418F127F1469800AA324C /* AppDelegate.swift in Sources */ = {isa = PBXBuildFile; fileRef = 422418F027F1469800AA324C /* AppDelegate.swift */; };
		422418F327F1469800AA324C /* SceneDelegate.swift in Sources */ = {isa = PBXBuildFile; fileRef = 422418F227F1469800AA324C /* SceneDelegate.swift */; };
		422418F527F1469800AA324C /* ViewController.swift in Sources */ = {isa = PBXBuildFile; fileRef = 422418F427F1469800AA324C /* ViewController.swift */; };
		422418F827F1469800AA324C /* Main.storyboard in Resources */ = {isa = PBXBuildFile; fileRef = 422418F627F1469800AA324C /* Main.storyboard */; };
		422418FA27F1469A00AA324C /* Assets.xcassets in Resources */ = {isa = PBXBuildFile; fileRef = 422418F927F1469A00AA324C /* Assets.xcassets */; };
		422418FD27F1469A00AA324C /* LaunchScreen.storyboard in Resources */ = {isa = PBXBuildFile; fileRef = 422418FB27F1469A00AA324C /* LaunchScreen.storyboard */; };
		4224190827F150FC00AA324C /* SelectionViewModel.swift in Sources */ = {isa = PBXBuildFile; fileRef = 4224190727F150FC00AA324C /* SelectionViewModel.swift */; };
		4224190A27F1513B00AA324C /* SelectionViewModelStoryBoard.storyboard in Resources */ = {isa = PBXBuildFile; fileRef = 4224190927F1513B00AA324C /* SelectionViewModelStoryBoard.storyboard */; };
/* End PBXBuildFile section */

/* Begin PBXFileReference section */
		422418ED27F1469800AA324C /* Dive into topic#1.app */ = {isa = PBXFileReference; explicitFileType = wrapper.application; includeInIndex = 0; path = "Dive into topic#1.app"; sourceTree = BUILT_PRODUCTS_DIR; };
		422418F027F1469800AA324C /* AppDelegate.swift */ = {isa = PBXFileReference; lastKnownFileType = sourcecode.swift; path = AppDelegate.swift; sourceTree = "<group>"; };
		422418F227F1469800AA324C /* SceneDelegate.swift */ = {isa = PBXFileReference; lastKnownFileType = sourcecode.swift; path = SceneDelegate.swift; sourceTree = "<group>"; };
		422418F427F1469800AA324C /* ViewController.swift */ = {isa = PBXFileReference; lastKnownFileType = sourcecode.swift; path = ViewController.swift; sourceTree = "<group>"; };
		422418F727F1469800AA324C /* Base */ = {isa = PBXFileReference; lastKnownFileType = file.storyboard; name = Base; path = Base.lproj/Main.storyboard; sourceTree = "<group>"; };
		422418F927F1469A00AA324C /* Assets.xcassets */ = {isa = PBXFileReference; lastKnownFileType = folder.assetcatalog; path = Assets.xcassets; sourceTree = "<group>"; };
		422418FC27F1469A00AA324C /* Base */ = {isa = PBXFileReference; lastKnownFileType = file.storyboard; name = Base; path = Base.lproj/LaunchScreen.storyboard; sourceTree = "<group>"; };
		422418FE27F1469A00AA324C /* Info.plist */ = {isa = PBXFileReference; lastKnownFileType = text.plist.xml; path = Info.plist; sourceTree = "<group>"; };
		4224190727F150FC00AA324C /* SelectionViewModel.swift */ = {isa = PBXFileReference; lastKnownFileType = sourcecode.swift; path = SelectionViewModel.swift; sourceTree = "<group>"; };
		4224190927F1513B00AA324C /* SelectionViewModelStoryBoard.storyboard */ = {isa = PBXFileReference; lastKnownFileType = file.storyboard; path = SelectionViewModelStoryBoard.storyboard; sourceTree = "<group>"; };
/* End PBXFileReference section */

/* Begin PBXFrameworksBuildPhase section */
		422418EA27F1469800AA324C /* Frameworks */ = {
			isa = PBXFrameworksBuildPhase;
			buildActionMask = 2147483647;
			files = (
			);
			runOnlyForDeploymentPostprocessing = 0;
		};
/* End PBXFrameworksBuildPhase section */

/* Begin PBXGroup section */
		422418E427F1469800AA324C = {
			isa = PBXGroup;
			children = (
				422418EF27F1469800AA324C /* Dive into topic#1 */,
				422418EE27F1469800AA324C /* Products */,
			);
			sourceTree = "<group>";
		};
		422418EE27F1469800AA324C /* Products */ = {
			isa = PBXGroup;
			children = (
				422418ED27F1469800AA324C /* Dive into topic#1.app */,
			);
			name = Products;
			sourceTree = "<group>";
		};
		422418EF27F1469800AA324C /* Dive into topic#1 */ = {
			isa = PBXGroup;
			children = (
				422418F027F1469800AA324C /* AppDelegate.swift */,
				422418F227F1469800AA324C /* SceneDelegate.swift */,
				4224190627F146D900AA324C /* Model */,
				4224190527F146BF00AA324C /* Controller */,
				4224190427F146B000AA324C /* View */,
				422418F627F1469800AA324C /* Main.storyboard */,
				422418F927F1469A00AA324C /* Assets.xcassets */,
				422418FB27F1469A00AA324C /* LaunchScreen.storyboard */,
				422418FE27F1469A00AA324C /* Info.plist */,
			);
			path = "Dive into topic#1";
			sourceTree = "<group>";
		};
		4224190427F146B000AA324C /* View */ = {
			isa = PBXGroup;
			children = (
			);
			path = View;
			sourceTree = "<group>";
		};
		4224190527F146BF00AA324C /* Controller */ = {
			isa = PBXGroup;
			children = (
				422418F427F1469800AA324C /* ViewController.swift */,
			);
			path = Controller;
			sourceTree = "<group>";
		};
		4224190627F146D900AA324C /* Model */ = {
			isa = PBXGroup;
			children = (
				4224190727F150FC00AA324C /* SelectionViewModel.swift */,
				4224190927F1513B00AA324C /* SelectionViewModelStoryBoard.storyboard */,
			);
			path = Model;
			sourceTree = "<group>";
		};
/* End PBXGroup section */

/* Begin PBXNativeTarget section */
		422418EC27F1469800AA324C /* Dive into topic#1 */ = {
			isa = PBXNativeTarget;
			buildConfigurationList = 4224190127F1469A00AA324C /* Build configuration list for PBXNativeTarget "Dive into topic#1" */;
			buildPhases = (
				422418E927F1469800AA324C /* Sources */,
				422418EA27F1469800AA324C /* Frameworks */,
				422418EB27F1469800AA324C /* Resources */,
			);
			buildRules = (
			);
			dependencies = (
			);
			name = "Dive into topic#1";
			productName = "Dive into topic#1";
			productReference = 422418ED27F1469800AA324C /* Dive into topic#1.app */;
			productType = "com.apple.product-type.application";
		};
/* End PBXNativeTarget section */

/* Begin PBXProject section */
		422418E527F1469800AA324C /* Project object */ = {
			isa = PBXProject;
			attributes = {
				BuildIndependentTargetsInParallel = 1;
				LastSwiftUpdateCheck = 1330;
				LastUpgradeCheck = 1330;
				TargetAttributes = {
					422418EC27F1469800AA324C = {
						CreatedOnToolsVersion = 13.3;
					};
				};
			};
			buildConfigurationList = 422418E827F1469800AA324C /* Build configuration list for PBXProject "Dive into topic#1" */;
			compatibilityVersion = "Xcode 13.0";
			developmentRegion = en;
			hasScannedForEncodings = 0;
			knownRegions = (
				en,
				Base,
			);
			mainGroup = 422418E427F1469800AA324C;
			productRefGroup = 422418EE27F1469800AA324C /* Products */;
			projectDirPath = "";
			projectRoot = "";
			targets = (
				422418EC27F1469800AA324C /* Dive into topic#1 */,
			);
		};
/* End PBXProject section */

/* Begin PBXResourcesBuildPhase section */
		422418EB27F1469800AA324C /* Resources */ = {
			isa = PBXResourcesBuildPhase;
			buildActionMask = 2147483647;
			files = (
				422418FD27F1469A00AA324C /* LaunchScreen.storyboard in Resources */,
				4224190A27F1513B00AA324C /* SelectionViewModelStoryBoard.storyboard in Resources */,
				422418FA27F1469A00AA324C /* Assets.xcassets in Resources */,
				422418F827F1469800AA324C /* Main.storyboard in Resources */,
			);
			runOnlyForDeploymentPostprocessing = 0;
		};
/* End PBXResourcesBuildPhase section */

/* Begin PBXSourcesBuildPhase section */
		422418E927F1469800AA324C /* Sources */ = {
			isa = PBXSourcesBuildPhase;
			buildActionMask = 2147483647;
			files = (
				422418F527F1469800AA324C /* ViewController.swift in Sources */,
				4224190827F150FC00AA324C /* SelectionViewModel.swift in Sources */,
				422418F127F1469800AA324C /* AppDelegate.swift in Sources */,
				422418F327F1469800AA324C /* SceneDelegate.swift in Sources */,
			);
			runOnlyForDeploymentPostprocessing = 0;
		};
/* End PBXSourcesBuildPhase section */

/* Begin PBXVariantGroup section */
		422418F627F1469800AA324C /* Main.storyboard */ = {
			isa = PBXVariantGroup;
			children = (
				422418F727F1469800AA324C /* Base */,
			);
			name = Main.storyboard;
			sourceTree = "<group>";
		};
		422418FB27F1469A00AA324C /* LaunchScreen.storyboard */ = {
			isa = PBXVariantGroup;
			children = (
				422418FC27F1469A00AA324C /* Base */,
			);
			name = LaunchScreen.storyboard;
			sourceTree = "<group>";
		};
/* End PBXVariantGroup section */

/* Begin XCBuildConfiguration section */
		422418FF27F1469A00AA324C /* Debug */ = {
			isa = XCBuildConfiguration;
			buildSettings = {
				ALWAYS_SEARCH_USER_PATHS = NO;
				CLANG_ANALYZER_NONNULL = YES;
				CLANG_ANALYZER_NUMBER_OBJECT_CONVERSION = YES_AGGRESSIVE;
				CLANG_CXX_LANGUAGE_STANDARD = "gnu++17";
				CLANG_ENABLE_MODULES = YES;
				CLANG_ENABLE_OBJC_ARC = YES;
				CLANG_ENABLE_OBJC_WEAK = YES;
				CLANG_WARN_BLOCK_CAPTURE_AUTORELEASING = YES;
				CLANG_WARN_BOOL_CONVERSION = YES;
				CLANG_WARN_COMMA = YES;
				CLANG_WARN_CONSTANT_CONVERSION = YES;
				CLANG_WARN_DEPRECATED_OBJC_IMPLEMENTATIONS = YES;
				CLANG_WARN_DIRECT_OBJC_ISA_USAGE = YES_ERROR;
				CLANG_WARN_DOCUMENTATION_COMMENTS = YES;
				CLANG_WARN_EMPTY_BODY = YES;
				CLANG_WARN_ENUM_CONVERSION = YES;
				CLANG_WARN_INFINITE_RECURSION = YES;
				CLANG_WARN_INT_CONVERSION = YES;
				CLANG_WARN_NON_LITERAL_NULL_CONVERSION = YES;
				CLANG_WARN_OBJC_IMPLICIT_RETAIN_SELF = YES;
				CLANG_WARN_OBJC_LITERAL_CONVERSION = YES;
				CLANG_WARN_OBJC_ROOT_CLASS = YES_ERROR;
				CLANG_WARN_QUOTED_INCLUDE_IN_FRAMEWORK_HEADER = YES;
				CLANG_WARN_RANGE_LOOP_ANALYSIS = YES;
				CLANG_WARN_STRICT_PROTOTYPES = YES;
				CLANG_WARN_SUSPICIOUS_MOVE = YES;
				CLANG_WARN_UNGUARDED_AVAILABILITY = YES_AGGRESSIVE;
				CLANG_WARN_UNREACHABLE_CODE = YES;
				CLANG_WARN__DUPLICATE_METHOD_MATCH = YES;
				COPY_PHASE_STRIP = NO;
				DEBUG_INFORMATION_FORMAT = dwarf;
				ENABLE_STRICT_OBJC_MSGSEND = YES;
				ENABLE_TESTABILITY = YES;
				GCC_C_LANGUAGE_STANDARD = gnu11;
				GCC_DYNAMIC_NO_PIC = NO;
				GCC_NO_COMMON_BLOCKS = YES;
				GCC_OPTIMIZATION_LEVEL = 0;
				GCC_PREPROCESSOR_DEFINITIONS = (
					"DEBUG=1",
					"$(inherited)",
				);
				GCC_WARN_64_TO_32_BIT_CONVERSION = YES;
				GCC_WARN_ABOUT_RETURN_TYPE = YES_ERROR;
				GCC_WARN_UNDECLARED_SELECTOR = YES;
				GCC_WARN_UNINITIALIZED_AUTOS = YES_AGGRESSIVE;
				GCC_WARN_UNUSED_FUNCTION = YES;
				GCC_WARN_UNUSED_VARIABLE = YES;
				IPHONEOS_DEPLOYMENT_TARGET = 15.4;
				MTL_ENABLE_DEBUG_INFO = INCLUDE_SOURCE;
				MTL_FAST_MATH = YES;
				ONLY_ACTIVE_ARCH = YES;
				SDKROOT = iphoneos;
				SWIFT_ACTIVE_COMPILATION_CONDITIONS = DEBUG;
				SWIFT_OPTIMIZATION_LEVEL = "-Onone";
			};
			name = Debug;
		};
		4224190027F1469A00AA324C /* Release */ = {
			isa = XCBuildConfiguration;
			buildSettings = {
				ALWAYS_SEARCH_USER_PATHS = NO;
				CLANG_ANALYZER_NONNULL = YES;
				CLANG_ANALYZER_NUMBER_OBJECT_CONVERSION = YES_AGGRESSIVE;
				CLANG_CXX_LANGUAGE_STANDARD = "gnu++17";
				CLANG_ENABLE_MODULES = YES;
				CLANG_ENABLE_OBJC_ARC = YES;
				CLANG_ENABLE_OBJC_WEAK = YES;
				CLANG_WARN_BLOCK_CAPTURE_AUTORELEASING = YES;
				CLANG_WARN_BOOL_CONVERSION = YES;
				CLANG_WARN_COMMA = YES;
				CLANG_WARN_CONSTANT_CONVERSION = YES;
				CLANG_WARN_DEPRECATED_OBJC_IMPLEMENTATIONS = YES;
				CLANG_WARN_DIRECT_OBJC_ISA_USAGE = YES_ERROR;
				CLANG_WARN_DOCUMENTATION_COMMENTS = YES;
				CLANG_WARN_EMPTY_BODY = YES;
				CLANG_WARN_ENUM_CONVERSION = YES;
				CLANG_WARN_INFINITE_RECURSION = YES;
				CLANG_WARN_INT_CONVERSION = YES;
				CLANG_WARN_NON_LITERAL_NULL_CONVERSION = YES;
				CLANG_WARN_OBJC_IMPLICIT_RETAIN_SELF = YES;
				CLANG_WARN_OBJC_LITERAL_CONVERSION = YES;
				CLANG_WARN_OBJC_ROOT_CLASS = YES_ERROR;
				CLANG_WARN_QUOTED_INCLUDE_IN_FRAMEWORK_HEADER = YES;
				CLANG_WARN_RANGE_LOOP_ANALYSIS = YES;
				CLANG_WARN_STRICT_PROTOTYPES = YES;
				CLANG_WARN_SUSPICIOUS_MOVE = YES;
				CLANG_WARN_UNGUARDED_AVAILABILITY = YES_AGGRESSIVE;
				CLANG_WARN_UNREACHABLE_CODE = YES;
				CLANG_WARN__DUPLICATE_METHOD_MATCH = YES;
				COPY_PHASE_STRIP = NO;
				DEBUG_INFORMATION_FORMAT = "dwarf-with-dsym";
				ENABLE_NS_ASSERTIONS = NO;
				ENABLE_STRICT_OBJC_MSGSEND = YES;
				GCC_C_LANGUAGE_STANDARD = gnu11;
				GCC_NO_COMMON_BLOCKS = YES;
				GCC_WARN_64_TO_32_BIT_CONVERSION = YES;
				GCC_WARN_ABOUT_RETURN_TYPE = YES_ERROR;
				GCC_WARN_UNDECLARED_SELECTOR = YES;
				GCC_WARN_UNINITIALIZED_AUTOS = YES_AGGRESSIVE;
				GCC_WARN_UNUSED_FUNCTION = YES;
				GCC_WARN_UNUSED_VARIABLE = YES;
				IPHONEOS_DEPLOYMENT_TARGET = 15.4;
				MTL_ENABLE_DEBUG_INFO = NO;
				MTL_FAST_MATH = YES;
				SDKROOT = iphoneos;
				SWIFT_COMPILATION_MODE = wholemodule;
				SWIFT_OPTIMIZATION_LEVEL = "-O";
				VALIDATE_PRODUCT = YES;
			};
			name = Release;
		};
		4224190227F1469A00AA324C /* Debug */ = {
			isa = XCBuildConfiguration;
			buildSettings = {
				ASSETCATALOG_COMPILER_APPICON_NAME = AppIcon;
				ASSETCATALOG_COMPILER_GLOBAL_ACCENT_COLOR_NAME = AccentColor;
				CODE_SIGN_STYLE = Automatic;
				CURRENT_PROJECT_VERSION = 1;
				DEVELOPMENT_TEAM = 6S28UJ4A7B;
				GENERATE_INFOPLIST_FILE = YES;
				INFOPLIST_FILE = "Dive into topic#1/Info.plist";
				INFOPLIST_KEY_UIApplicationSupportsIndirectInputEvents = YES;
				INFOPLIST_KEY_UILaunchStoryboardName = LaunchScreen;
				INFOPLIST_KEY_UIMainStoryboardFile = Main;
				INFOPLIST_KEY_UISupportedInterfaceOrientations_iPad = "UIInterfaceOrientationPortrait UIInterfaceOrientationPortraitUpsideDown UIInterfaceOrientationLandscapeLeft UIInterfaceOrientationLandscapeRight";
				INFOPLIST_KEY_UISupportedInterfaceOrientations_iPhone = "UIInterfaceOrientationPortrait UIInterfaceOrientationLandscapeLeft UIInterfaceOrientationLandscapeRight";
				LD_RUNPATH_SEARCH_PATHS = (
					"$(inherited)",
					"@executable_path/Frameworks",
				);
				MARKETING_VERSION = 1.0;
				PRODUCT_BUNDLE_IDENTIFIER = "com.ec.Dive-into-topic-1";
				PRODUCT_NAME = "$(TARGET_NAME)";
				SWIFT_EMIT_LOC_STRINGS = YES;
				SWIFT_VERSION = 5.0;
				TARGETED_DEVICE_FAMILY = "1,2";
			};
			name = Debug;
		};
		4224190327F1469A00AA324C /* Release */ = {
			isa = XCBuildConfiguration;
			buildSettings = {
				ASSETCATALOG_COMPILER_APPICON_NAME = AppIcon;
				ASSETCATALOG_COMPILER_GLOBAL_ACCENT_COLOR_NAME = AccentColor;
				CODE_SIGN_STYLE = Automatic;
				CURRENT_PROJECT_VERSION = 1;
				DEVELOPMENT_TEAM = 6S28UJ4A7B;
				GENERATE_INFOPLIST_FILE = YES;
				INFOPLIST_FILE = "Dive into topic#1/Info.plist";
				INFOPLIST_KEY_UIApplicationSupportsIndirectInputEvents = YES;
				INFOPLIST_KEY_UILaunchStoryboardName = LaunchScreen;
				INFOPLIST_KEY_UIMainStoryboardFile = Main;
				INFOPLIST_KEY_UISupportedInterfaceOrientations_iPad = "UIInterfaceOrientationPortrait UIInterfaceOrientationPortraitUpsideDown UIInterfaceOrientationLandscapeLeft UIInterfaceOrientationLandscapeRight";
				INFOPLIST_KEY_UISupportedInterfaceOrientations_iPhone = "UIInterfaceOrientationPortrait UIInterfaceOrientationLandscapeLeft UIInterfaceOrientationLandscapeRight";
				LD_RUNPATH_SEARCH_PATHS = (
					"$(inherited)",
					"@executable_path/Frameworks",
				);
				MARKETING_VERSION = 1.0;
				PRODUCT_BUNDLE_IDENTIFIER = "com.ec.Dive-into-topic-1";
				PRODUCT_NAME = "$(TARGET_NAME)";
				SWIFT_EMIT_LOC_STRINGS = YES;
				SWIFT_VERSION = 5.0;
				TARGETED_DEVICE_FAMILY = "1,2";
			};
			name = Release;
		};
/* End XCBuildConfiguration section */

/* Begin XCConfigurationList section */
		422418E827F1469800AA324C /* Build configuration list for PBXProject "Dive into topic#1" */ = {
			isa = XCConfigurationList;
			buildConfigurations = (
				422418FF27F1469A00AA324C /* Debug */,
				4224190027F1469A00AA324C /* Release */,
			);
			defaultConfigurationIsVisible = 0;
			defaultConfigurationName = Release;
		};
		4224190127F1469A00AA324C /* Build configuration list for PBXNativeTarget "Dive into topic#1" */ = {
			isa = XCConfigurationList;
			buildConfigurations = (
				4224190227F1469A00AA324C /* Debug */,
				4224190327F1469A00AA324C /* Release */,
			);
			defaultConfigurationIsVisible = 0;
			defaultConfigurationName = Release;
		};
/* End XCConfigurationList section */
	};
	rootObject = 422418E527F1469800AA324C /* Project object */;
}
